Microsoft Visual Studio Solution File, Format Version 12.00
# Visual Studio Version 17
VisualStudioVersion = 17.14.37531.7
MinimumVisualStudioVersion = 10.0.40219.1
Project("{8BC9CEB8-8B4A-11D0-8D11-00A0C91BC942}") = "LiangWenPeak.Core", "src\LiangWenPeak.Core\LiangWenPeak.Core.vcxproj", "{B8DB102E-746D-468B-A7F4-923805C51011}"
EndProject
Project("{8BC9CEB8-8B4A-11D0-8D11-00A0C91BC942}") = "LiangWenPeak.App", "src\LiangWenPeak.App\LiangWenPeak.App.vcxproj", "{DE9B361D-768B-49D1-A501-280434DB3CA2}"
EndProject
Project("{8BC9CEB8-8B4A-11D0-8D11-00A0C91BC942}") = "LiangWenPeak.Launcher", "src\LiangWenPeak.Launcher\LiangWenPeak.Launcher.vcxproj", "{2F8519E2-A1F6-4FE7-9F30-3E1D628E54A4}"
EndProject
Project("{8BC9CEB8-8B4A-11D0-8D11-00A0C91BC942}") = "LiangWenPeak.Tests", "tests\LiangWenPeak.Tests\LiangWenPeak.Tests.vcxproj", "{B3D310D4-BFA3-44FB-8307-1B34FEAA36B4}"
EndProject
Global
	GlobalSection(SolutionConfigurationPlatforms) = preSolution
		Debug|x64 = Debug|x64
		Release|x64 = Release|x64
	EndGlobalSection
	GlobalSection(ProjectConfigurationPlatforms) = postSolution
		{B8DB102E-746D-468B-A7F4-923805C51011}.Debug|x64.ActiveCfg = Debug|x64
		{B8DB102E-746D-468B-A7F4-923805C51011}.Debug|x64.Build.0 = Debug|x64
		{B8DB102E-746D-468B-A7F4-923805C51011}.Release|x64.ActiveCfg = Release|x64
		{B8DB102E-746D-468B-A7F4-923805C51011}.Release|x64.Build.0 = Release|x64
		{DE9B361D-768B-49D1-A501-280434DB3CA2}.Debug|x64.ActiveCfg = Debug|x64
		{DE9B361D-768B-49D1-A501-280434DB3CA2}.Debug|x64.Build.0 = Debug|x64
		{DE9B361D-768B-49D1-A501-280434DB3CA2}.Release|x64.ActiveCfg = Release|x64
		{DE9B361D-768B-49D1-A501-280434DB3CA2}.Release|x64.Build.0 = Release|x64
		{2F8519E2-A1F6-4FE7-9F30-3E1D628E54A4}.Debug|x64.ActiveCfg = Debug|x64
		{2F8519E2-A1F6-4FE7-9F30-3E1D628E54A4}.Debug|x64.Build.0 = Debug|x64
		{2F8519E2-A1F6-4FE7-9F30-3E1D628E54A4}.Release|x64.ActiveCfg = Release|x64
		{2F8519E2-A1F6-4FE7-9F30-3E1D628E54A4}.Release|x64.Build.0 = Release|x64
		{B3D310D4-BFA3-44FB-8307-1B34FEAA36B4}.Debug|x64.ActiveCfg = Debug|x64
		{B3D310D4-BFA3-44FB-8307-1B34FEAA36B4}.Debug|x64.Build.0 = Debug|x64
		{B3D310D4-BFA3-44FB-8307-1B34FEAA36B4}.Release|x64.ActiveCfg = Release|x64
		{B3D310D4-BFA3-44FB-8307-1B34FEAA36B4}.Release|x64.Build.0 = Release|x64
	EndGlobalSection
	GlobalSection(SolutionProperties) = preSolution
		HideSolutionNode = FALSE
	EndGlobalSection
EndGlobal
