<?xml version="1.0" encoding="utf-8"?>
<Project ToolsVersion="4.0" xmlns="http://schemas.microsoft.com/developer/msbuild/2003">
  <ItemGroup>
    <Filter Include="Pricing">
      <UniqueIdentifier>{676FF3F7-4786-4380-B780-8CBCE363C982}</UniqueIdentifier>
    </Filter>
    <Filter Include="Time">
      <UniqueIdentifier>{0C744E02-02F3-4FDC-9E32-C4D41A49493A}</UniqueIdentifier>
    </Filter>
    <Filter Include="Balance">
      <UniqueIdentifier>{7879EBE0-4F37-49E0-B413-DBEAF6DFAE63}</UniqueIdentifier>
    </Filter>
  </ItemGroup>
  <ItemGroup>
    <ClInclude Include="Balance\BalanceFormatter.h"><Filter>Balance</Filter></ClInclude>
    <ClInclude Include="Balance\BalanceForecastService.h"><Filter>Balance</Filter></ClInclude>
    <ClInclude Include="Balance\BalanceHistoryStore.h"><Filter>Balance</Filter></ClInclude>
    <ClInclude Include="Balance\BalanceModels.h"><Filter>Balance</Filter></ClInclude>
    <ClInclude Include="Balance\BalanceSettings.h"><Filter>Balance</Filter></ClInclude>
    <ClInclude Include="Balance\DecimalAmount.h"><Filter>Balance</Filter></ClInclude>
    <ClInclude Include="Balance\DeploymentPaths.h"><Filter>Balance</Filter></ClInclude>
    <ClInclude Include="Balance\SeriesIdentity.h"><Filter>Balance</Filter></ClInclude>
    <ClInclude Include="Pricing\PricingScheduleService.h">
      <Filter>Pricing</Filter>
    </ClInclude>
    <ClInclude Include="Time\BalanceRefreshSchedule.h">
      <Filter>Time</Filter>
    </ClInclude>
    <ClInclude Include="Time\BeijingTime.h">
      <Filter>Time</Filter>
    </ClInclude>
    <ClInclude Include="Time\TimeFormatter.h">
      <Filter>Time</Filter>
    </ClInclude>
  </ItemGroup>
  <ItemGroup>
    <ClCompile Include="Balance\BalanceFormatter.cpp"><Filter>Balance</Filter></ClCompile>
    <ClCompile Include="Balance\BalanceForecastService.cpp"><Filter>Balance</Filter></ClCompile>
    <ClCompile Include="Balance\BalanceHistoryStore.cpp"><Filter>Balance</Filter></ClCompile>
    <ClCompile Include="Balance\BalanceModels.cpp"><Filter>Balance</Filter></ClCompile>
    <ClCompile Include="Balance\BalanceSettings.cpp"><Filter>Balance</Filter></ClCompile>
    <ClCompile Include="Balance\DecimalAmount.cpp"><Filter>Balance</Filter></ClCompile>
    <ClCompile Include="Balance\DeploymentPaths.cpp"><Filter>Balance</Filter></ClCompile>
    <ClCompile Include="Balance\SeriesIdentity.cpp"><Filter>Balance</Filter></ClCompile>
    <ClCompile Include="Pricing\PricingScheduleService.cpp">
      <Filter>Pricing</Filter>
    </ClCompile>
    <ClCompile Include="Time\BalanceRefreshSchedule.cpp">
      <Filter>Time</Filter>
    </ClCompile>
    <ClCompile Include="Time\BeijingTime.cpp">
      <Filter>Time</Filter>
    </ClCompile>
    <ClCompile Include="Time\TimeFormatter.cpp">
      <Filter>Time</Filter>
    </ClCompile>
  </ItemGroup>
</Project>
